
Microsoft Visual Studio Solution File, Format Version 12.00
# Visual Studio Version 17
VisualStudioVersion = 17.5.002.0
MinimumVisualStudioVersion = 10.0.40219.1
Project("{9A19103F-16F7-4668-BE54-9A1E7A4F7556}") = "HomeStay", "HomeStay.csproj", "{0F18D7E9-C555-47BA-BDF9-0AD44284DBD9}"
EndProject
Global
	GlobalSection(SolutionConfigurationPlatforms) = preSolution
		Debug|Any CPU = Debug|Any CPU
		Release|Any CPU = Release|Any CPU
	EndGlobalSection
	GlobalSection(ProjectConfigurationPlatforms) = postSolution
		{0F18D7E9-C555-47BA-BDF9-0AD44284DBD9}.Debug|Any CPU.ActiveCfg = Debug|Any CPU
		{0F18D7E9-C555-47BA-BDF9-0AD44284DBD9}.Debug|Any CPU.Build.0 = Debug|Any CPU
		{0F18D7E9-C555-47BA-BDF9-0AD44284DBD9}.Release|Any CPU.ActiveCfg = Release|Any CPU
		{0F18D7E9-C555-47BA-BDF9-0AD44284DBD9}.Release|Any CPU.Build.0 = Release|Any CPU
	EndGlobalSection
	GlobalSection(SolutionProperties) = preSolution
		HideSolutionNode = FALSE
	EndGlobalSection
	GlobalSection(ExtensibilityGlobals) = postSolution
		SolutionGuid = {5FCE1AFB-997F-416F-B3E0-31E4104DA031}
	EndGlobalSection
EndGlobal
